github.com/becker63/simtricky/common v0.0.0-20250207135646-8c12f96a1a44 h1:xOHRo5l0agFzmRzo4QIuA/f5u2QjEVFonCMP6+Jn8UY=
github.com/becker63/simtricky/common v0.0.0-20250207135646-8c12f96a1a44/go.mod h1:r+IF9sTsIPdVWWHxmm0wy4Z2EDLASQQ4aSA0GD8Pn54=
go.uber.org/multierr v1.10.0 h1:S0h4aNzvfcFsC3dRF1jLoaov7oRaKqRGC/pUEJ2yvPQ=
go.uber.org/multierr v1.10.0/go.mod h1:20+QtiLqy0Nd6FdQB9TLXag12DsQkrbs3htMFfDN80Y=
go.uber.org/zap v1.27.0 h1:aJMhYGrd5QSmlpLMr2MftRKl7t8J8PTZPA732ud/XR8=
go.uber.org/zap v1.27.0/go.mod h1:GB2qFLM7cTU87MWRP2mPIjqfIDnGu+VIO4V/SdhGo2E=
